
Microsoft Visual Studio Solution File, Format Version 12.00
# Visual Studio Version 17
VisualStudioVersion = 17.8.34525.116
MinimumVisualStudioVersion = 10.0.40219.1
Project("{FAE04EC0-301F-11D3-BF4B-00C04F79EFBC}") = "ChatGPTBrowser", "ChatGPTBrowser.csproj", "{B788FC33-8E59-4011-BA1C-90D94B522F20}"
EndProject
Global
	GlobalSection(SolutionConfigurationPlatforms) = preSolution
		Debug|Any CPU = Debug|Any CPU
		Release|Any CPU = Release|Any CPU
	EndGlobalSection
	GlobalSection(ProjectConfigurationPlatforms) = postSolution
		{B788FC33-8E59-4011-BA1C-90D94B522F20}.Debug|Any CPU.ActiveCfg = Debug|Any CPU
		{B788FC33-8E59-4011-BA1C-90D94B522F20}.Debug|Any CPU.Build.0 = Debug|Any CPU
		{B788FC33-8E59-4011-BA1C-90D94B522F20}.Release|Any CPU.ActiveCfg = Release|Any CPU
		{B788FC33-8E59-4011-BA1C-90D94B522F20}.Release|Any CPU.Build.0 = Release|Any CPU
	EndGlobalSection
	GlobalSection(SolutionProperties) = preSolution
		HideSolutionNode = FALSE
	EndGlobalSection
	GlobalSection(ExtensibilityGlobals) = postSolution
		SolutionGuid = {208265E0-8459-4D1A-A620-2D6F9AB29AB8}
	EndGlobalSection
EndGlobal
